<?xml version="1.0" encoding="utf-8"?>
<Project ToolsVersion="4.0" xmlns="http://schemas.microsoft.com/developer/msbuild/2003">
  <ItemGroup>
    <Filter Include="Header Files">
      <UniqueIdentifier>{5696090a-33b3-481a-ab25-26f7c31c6b08}</UniqueIdentifier>
    </Filter>
    <Filter Include="Source Files">
      <UniqueIdentifier>{0ac2fb99-14c6-4cee-9b9a-819a0db70678}</UniqueIdentifier>
    </Filter>
  </ItemGroup>
  <ItemGroup>
    <ClInclude Include="..\Modules\_ctypes\_ctypes_test.h">
      <Filter>Header Files</Filter>
    </ClInclude>
  </ItemGroup>
  <ItemGroup>
    <ClCompile Include="..\Modules\_ctypes\_ctypes_test.c">
      <Filter>Source Files</Filter>
    </ClCompile>
  </ItemGroup>
</Project>