<?xml version="1.0" encoding="utf-8"?>
<Project ToolsVersion="4.0" xmlns="http://schemas.microsoft.com/developer/msbuild/2003">
  <ItemGroup>
    <Filter Include="Source Files">
      <UniqueIdentifier>{e47732b1-eef8-4614-a9df-7dbd301fc50d}</UniqueIdentifier>
    </Filter>
  </ItemGroup>
  <ItemGroup>
    <ClCompile Include="..\Modules\_hashopenssl.c">
      <Filter>Source Files</Filter>
    </ClCompile>
  </ItemGroup>
</Project>