<?xml version="1.0" encoding="utf-8"?>
<Project ToolsVersion="4.0" xmlns="http://schemas.microsoft.com/developer/msbuild/2003">
  <ItemGroup>
    <Filter Include="Source Files">
      <UniqueIdentifier>{f5718d11-3ca2-43dc-8e7d-863f6569461f}</UniqueIdentifier>
      <Extensions>cpp;c;cxx;rc;def;r;odl;idl;hpj;bat</Extensions>
    </Filter>
    <Filter Include="Source Files\zlib">
      <UniqueIdentifier>{2c6db5e7-4347-4085-93be-86c7ef2702b2}</UniqueIdentifier>
    </Filter>
    <Filter Include="Header Files">
      <UniqueIdentifier>{c85efbe6-db34-4ba1-8b40-47faf0228def}</UniqueIdentifier>
      <Extensions>h;hpp;hxx;hm;inl</Extensions>
    </Filter>
    <Filter Include="Resource Files">
      <UniqueIdentifier>{4e28cc85-32cc-4100-b91f-b78412e2107f}</UniqueIdentifier>
      <Extensions>ico;cur;bmp;dlg;rc2;rct;bin;rgs;gif;jpg;jpeg;jpe</Extensions>
    </Filter>
  </ItemGroup>
  <ItemGroup>
    <ClCompile Include="..\PC\bdist_wininst\extract.c">
      <Filter>Source Files</Filter>
    </ClCompile>
    <ClCompile Include="..\PC\bdist_wininst\install.c">
      <Filter>Source Files</Filter>
    </ClCompile>
    <ClCompile Include="..\Modules\zlib\adler32.c">
      <Filter>Source Files\zlib</Filter>
    </ClCompile>
    <ClCompile Include="..\Modules\zlib\crc32.c">
      <Filter>Source Files\zlib</Filter>
    </ClCompile>
    <ClCompile Include="..\Modules\zlib\inffast.c">
      <Filter>Source Files\zlib</Filter>
    </ClCompile>
    <ClCompile Include="..\Modules\zlib\inflate.c">
      <Filter>Source Files\zlib</Filter>
    </ClCompile>
    <ClCompile Include="..\Modules\zlib\inftrees.c">
      <Filter>Source Files\zlib</Filter>
    </ClCompile>
    <ClCompile Include="..\Modules\zlib\zutil.c">
      <Filter>Source Files\zlib</Filter>
    </ClCompile>
  </ItemGroup>
  <ItemGroup>
    <ClInclude Include="..\PC\bdist_wininst\archive.h">
      <Filter>Header Files</Filter>
    </ClInclude>
  </ItemGroup>
  <ItemGroup>
    <ResourceCompile Include="..\PC\bdist_wininst\install.rc">
      <Filter>Resource Files</Filter>
    </ResourceCompile>
  </ItemGroup>
  <ItemGroup>
    <None Include="..\PC\bdist_wininst\PythonPowered.bmp">
      <Filter>Resource Files</Filter>
    </None>
  </ItemGroup>
</Project>