<?xml version="1.0" encoding="utf-8"?>
<Project ToolsVersion="4.0" xmlns="http://schemas.microsoft.com/developer/msbuild/2003">
  <ItemGroup>
    <Filter Include="Source Files">
      <UniqueIdentifier>{f63b47ee-0cc3-41c0-93ea-d5e56958166f}</UniqueIdentifier>
    </Filter>
  </ItemGroup>
  <ItemGroup>
    <ClCompile Include="..\PC\w9xpopen.c">
      <Filter>Source Files</Filter>
    </ClCompile>
  </ItemGroup>
</Project>